
Microsoft Visual Studio Solution File, Format Version 12.00
# Visual Studio Version 17
VisualStudioVersion = 17.2.32630.192
MinimumVisualStudioVersion = 10.0.40219.1
Project("{FAE04EC0-301F-11D3-BF4B-00C04F79EFBC}") = "PluginManager.Plugin", "UpdaterPlugin.Plugin\PluginManager.Plugin.csproj", "{0DDF31C8-723A-49C3-9583-59890DE4C596}"
EndProject
Project("{9A19103F-16F7-4668-BE54-9A1E7A4F7556}") = "PluginManager.Common", "UpdaterPlugin.Common\PluginManager.Common.csproj", "{691F6209-91EA-49BF-B44C-CEA52BF81CC8}"
EndProject
Project("{FAE04EC0-301F-11D3-BF4B-00C04F79EFBC}") = "PluginManager.Updater", "UpdaterPlugin.Updater\PluginManager.Updater.csproj", "{E51817FF-6BA8-45AB-A1CE-93722D114349}"
EndProject
Global
	GlobalSection(SolutionConfigurationPlatforms) = preSolution
		Debug|Any CPU = Debug|Any CPU
		Debug|x86 = Debug|x86
		DebugWithVatsys|Any CPU = DebugWithVatsys|Any CPU
		DebugWithVatsys|x86 = DebugWithVatsys|x86
		Release|Any CPU = Release|Any CPU
		Release|x86 = Release|x86
	EndGlobalSection
	GlobalSection(ProjectConfigurationPlatforms) = postSolution
		{0DDF31C8-723A-49C3-9583-59890DE4C596}.Debug|Any CPU.ActiveCfg = Debug|Any CPU
		{0DDF31C8-723A-49C3-9583-59890DE4C596}.Debug|Any CPU.Build.0 = Debug|Any CPU
		{0DDF31C8-723A-49C3-9583-59890DE4C596}.Debug|x86.ActiveCfg = Debug|x86
		{0DDF31C8-723A-49C3-9583-59890DE4C596}.Debug|x86.Build.0 = Debug|x86
		{0DDF31C8-723A-49C3-9583-59890DE4C596}.DebugWithVatsys|Any CPU.ActiveCfg = DebugWithVatsys|Any CPU
		{0DDF31C8-723A-49C3-9583-59890DE4C596}.DebugWithVatsys|Any CPU.Build.0 = DebugWithVatsys|Any CPU
		{0DDF31C8-723A-49C3-9583-59890DE4C596}.DebugWithVatsys|x86.ActiveCfg = DebugWithVatsys|x86
		{0DDF31C8-723A-49C3-9583-59890DE4C596}.DebugWithVatsys|x86.Build.0 = DebugWithVatsys|x86
		{0DDF31C8-723A-49C3-9583-59890DE4C596}.Release|Any CPU.ActiveCfg = Release|Any CPU
		{0DDF31C8-723A-49C3-9583-59890DE4C596}.Release|Any CPU.Build.0 = Release|Any CPU
		{0DDF31C8-723A-49C3-9583-59890DE4C596}.Release|x86.ActiveCfg = Release|x86
		{0DDF31C8-723A-49C3-9583-59890DE4C596}.Release|x86.Build.0 = Release|x86
		{691F6209-91EA-49BF-B44C-CEA52BF81CC8}.Debug|Any CPU.ActiveCfg = Debug|Any CPU
		{691F6209-91EA-49BF-B44C-CEA52BF81CC8}.Debug|Any CPU.Build.0 = Debug|Any CPU
		{691F6209-91EA-49BF-B44C-CEA52BF81CC8}.Debug|x86.ActiveCfg = Debug|Any CPU
		{691F6209-91EA-49BF-B44C-CEA52BF81CC8}.Debug|x86.Build.0 = Debug|Any CPU
		{691F6209-91EA-49BF-B44C-CEA52BF81CC8}.DebugWithVatsys|Any CPU.ActiveCfg = Debug|Any CPU
		{691F6209-91EA-49BF-B44C-CEA52BF81CC8}.DebugWithVatsys|Any CPU.Build.0 = Debug|Any CPU
		{691F6209-91EA-49BF-B44C-CEA52BF81CC8}.DebugWithVatsys|x86.ActiveCfg = Debug|Any CPU
		{691F6209-91EA-49BF-B44C-CEA52BF81CC8}.DebugWithVatsys|x86.Build.0 = Debug|Any CPU
		{691F6209-91EA-49BF-B44C-CEA52BF81CC8}.Release|Any CPU.ActiveCfg = Release|Any CPU
		{691F6209-91EA-49BF-B44C-CEA52BF81CC8}.Release|Any CPU.Build.0 = Release|Any CPU
		{691F6209-91EA-49BF-B44C-CEA52BF81CC8}.Release|x86.ActiveCfg = Release|Any CPU
		{691F6209-91EA-49BF-B44C-CEA52BF81CC8}.Release|x86.Build.0 = Release|Any CPU
		{E51817FF-6BA8-45AB-A1CE-93722D114349}.Debug|Any CPU.ActiveCfg = Debug|Any CPU
		{E51817FF-6BA8-45AB-A1CE-93722D114349}.Debug|Any CPU.Build.0 = Debug|Any CPU
		{E51817FF-6BA8-45AB-A1CE-93722D114349}.Debug|x86.ActiveCfg = Debug|Any CPU
		{E51817FF-6BA8-45AB-A1CE-93722D114349}.Debug|x86.Build.0 = Debug|Any CPU
		{E51817FF-6BA8-45AB-A1CE-93722D114349}.DebugWithVatsys|Any CPU.ActiveCfg = Debug|Any CPU
		{E51817FF-6BA8-45AB-A1CE-93722D114349}.DebugWithVatsys|Any CPU.Build.0 = Debug|Any CPU
		{E51817FF-6BA8-45AB-A1CE-93722D114349}.DebugWithVatsys|x86.ActiveCfg = Debug|Any CPU
		{E51817FF-6BA8-45AB-A1CE-93722D114349}.DebugWithVatsys|x86.Build.0 = Debug|Any CPU
		{E51817FF-6BA8-45AB-A1CE-93722D114349}.Release|Any CPU.ActiveCfg = Release|Any CPU
		{E51817FF-6BA8-45AB-A1CE-93722D114349}.Release|Any CPU.Build.0 = Release|Any CPU
		{E51817FF-6BA8-45AB-A1CE-93722D114349}.Release|x86.ActiveCfg = Release|Any CPU
		{E51817FF-6BA8-45AB-A1CE-93722D114349}.Release|x86.Build.0 = Release|Any CPU
	EndGlobalSection
	GlobalSection(SolutionProperties) = preSolution
		HideSolutionNode = FALSE
	EndGlobalSection
	GlobalSection(ExtensibilityGlobals) = postSolution
		SolutionGuid = {102CE04B-9311-41C7-8BF7-95E24F29DE1F}
	EndGlobalSection
EndGlobal
